
Microsoft Visual Studio Solution File, Format Version 12.00
# Visual Studio Version 17
VisualStudioVersion = 17.0.31912.275
MinimumVisualStudioVersion = 10.0.40219.1
Project("{FAE04EC0-301F-11D3-BF4B-00C04F79EFBC}") = "SellingManagementSystem", "sellsAndCliens\SellingManagementSystem.csproj", "{CA70A910-4B17-474D-9A70-83EDCF2FA8FF}"
EndProject
Global
	GlobalSection(SolutionConfigurationPlatforms) = preSolution
		Debug|Any CPU = Debug|Any CPU
		Release|Any CPU = Release|Any CPU
	EndGlobalSection
	GlobalSection(ProjectConfigurationPlatforms) = postSolution
		{CA70A910-4B17-474D-9A70-83EDCF2FA8FF}.Debug|Any CPU.ActiveCfg = Debug|Any CPU
		{CA70A910-4B17-474D-9A70-83EDCF2FA8FF}.Debug|Any CPU.Build.0 = Debug|Any CPU
		{CA70A910-4B17-474D-9A70-83EDCF2FA8FF}.Release|Any CPU.ActiveCfg = Release|Any CPU
		{CA70A910-4B17-474D-9A70-83EDCF2FA8FF}.Release|Any CPU.Build.0 = Release|Any CPU
	EndGlobalSection
	GlobalSection(SolutionProperties) = preSolution
		HideSolutionNode = FALSE
	EndGlobalSection
	GlobalSection(ExtensibilityGlobals) = postSolution
		SolutionGuid = {646C9280-CDBE-4593-BD0F-2381863B1102}
	EndGlobalSection
EndGlobal
